
Microsoft Visual Studio Solution File, Format Version 12.00
# Visual Studio Version 17
VisualStudioVersion = 17.10.35122.118
MinimumVisualStudioVersion = 10.0.40219.1
Project("{9A19103F-16F7-4668-BE54-9A1E7A4F7556}") = "ReservasServicio", "ReservasServicio\ReservasServicio.csproj", "{7A97E195-7E09-425F-AFBE-8F07A101FCC2}"
EndProject
Project("{9A19103F-16F7-4668-BE54-9A1E7A4F7556}") = "UsuarioServicio", "UsuarioServicio\UsuarioServicio.csproj", "{AF703866-CF06-4943-AB70-D9A82469EA90}"
EndProject
Project("{9A19103F-16F7-4668-BE54-9A1E7A4F7556}") = "NotificacionServicio", "NotificacionServicio\NotificacionServicio.csproj", "{D25A1847-6EF5-425B-8772-9FFCD706DDF3}"
EndProject
Project("{2150E333-8FDC-42A3-9474-1A3956D46DE8}") = "Test", "Test", "{7E88A41A-3C10-4A4F-BF81-72689E5A428C}"
EndProject
Project("{9A19103F-16F7-4668-BE54-9A1E7A4F7556}") = "Usuario.Domain", "Reservas.Domain\Usuario.Domain.csproj", "{26F93D49-22AB-4F96-9CE2-93C79DD4DC8C}"
EndProject
Project("{9A19103F-16F7-4668-BE54-9A1E7A4F7556}") = "Usuario.Infrastructure", "Reservas.Infrastructure\Usuario.Infrastructure.csproj", "{EB1821CA-821A-46F6-BD01-EEBA2861AAAE}"
	ProjectSection(ProjectDependencies) = postProject
		{26F93D49-22AB-4F96-9CE2-93C79DD4DC8C} = {26F93D49-22AB-4F96-9CE2-93C79DD4DC8C}
	EndProjectSection
EndProject
Project("{9A19103F-16F7-4668-BE54-9A1E7A4F7556}") = "Usuario.Application", "Application\Usuario.Application.csproj", "{C04BEDAF-4567-4EEF-996E-DE46B8A8F89D}"
	ProjectSection(ProjectDependencies) = postProject
		{26F93D49-22AB-4F96-9CE2-93C79DD4DC8C} = {26F93D49-22AB-4F96-9CE2-93C79DD4DC8C}
		{EB1821CA-821A-46F6-BD01-EEBA2861AAAE} = {EB1821CA-821A-46F6-BD01-EEBA2861AAAE}
	EndProjectSection
EndProject
Project("{2150E333-8FDC-42A3-9474-1A3956D46DE8}") = "UsuarioServicioApi", "UsuarioServicioApi", "{E030F997-C1CF-40FB-80A9-8F5776D9CAA5}"
EndProject
Project("{2150E333-8FDC-42A3-9474-1A3956D46DE8}") = "ReservasServicioApi", "ReservasServicioApi", "{54764A61-D0B9-46F0-AF9C-5BA8368E75E0}"
EndProject
Project("{2150E333-8FDC-42A3-9474-1A3956D46DE8}") = "NotificacionServicioApi", "NotificacionServicioApi", "{D62DA206-E3E3-4D9F-A1FF-F673373E1D5D}"
EndProject
Project("{FAE04EC0-301F-11D3-BF4B-00C04F79EFBC}") = "Reserva.Application", "Reserva.Application\Reserva.Application.csproj", "{B1FB9133-2475-49B5-96D3-B716CD5685AF}"
EndProject
Project("{FAE04EC0-301F-11D3-BF4B-00C04F79EFBC}") = "Reserva.Domain", "Reserva.Domain\Reserva.Domain.csproj", "{917B2B9B-F557-4B63-8515-5583905B71C7}"
EndProject
Project("{FAE04EC0-301F-11D3-BF4B-00C04F79EFBC}") = "Reserva.Infrastructure", "Reserva.Infrastructure\Reserva.Infrastructure.csproj", "{B716E75D-F466-46C5-A85F-255F9326FF8D}"
EndProject
Project("{FAE04EC0-301F-11D3-BF4B-00C04F79EFBC}") = "Notificacion.Application", "Notificacion.Application\Notificacion.Application.csproj", "{CE6E2A0E-82AD-4DC4-9DE6-9886ED96517C}"
EndProject
Project("{FAE04EC0-301F-11D3-BF4B-00C04F79EFBC}") = "Notificacion.Domain", "Notificacion.Domain\Notificacion.Domain.csproj", "{46E24928-D4D6-4773-99FB-0AEA7C295BCC}"
EndProject
Project("{FAE04EC0-301F-11D3-BF4B-00C04F79EFBC}") = "Notificacion.Infrastructure", "Notificacion.Infrastructure\Notificacion.Infrastructure.csproj", "{D991DD57-7CF4-4A4E-8659-86B83D53FE1F}"
EndProject
Project("{FAE04EC0-301F-11D3-BF4B-00C04F79EFBC}") = "UTest", "UTest\UTest.csproj", "{E2E41360-9EF6-4F2E-9E7C-939348A8D282}"
EndProject
Global
	GlobalSection(SolutionConfigurationPlatforms) = preSolution
		Debug|Any CPU = Debug|Any CPU
		Release|Any CPU = Release|Any CPU
	EndGlobalSection
	GlobalSection(ProjectConfigurationPlatforms) = postSolution
		{7A97E195-7E09-425F-AFBE-8F07A101FCC2}.Debug|Any CPU.ActiveCfg = Debug|Any CPU
		{7A97E195-7E09-425F-AFBE-8F07A101FCC2}.Debug|Any CPU.Build.0 = Debug|Any CPU
		{7A97E195-7E09-425F-AFBE-8F07A101FCC2}.Release|Any CPU.ActiveCfg = Release|Any CPU
		{7A97E195-7E09-425F-AFBE-8F07A101FCC2}.Release|Any CPU.Build.0 = Release|Any CPU
		{AF703866-CF06-4943-AB70-D9A82469EA90}.Debug|Any CPU.ActiveCfg = Debug|Any CPU
		{AF703866-CF06-4943-AB70-D9A82469EA90}.Debug|Any CPU.Build.0 = Debug|Any CPU
		{AF703866-CF06-4943-AB70-D9A82469EA90}.Release|Any CPU.ActiveCfg = Release|Any CPU
		{AF703866-CF06-4943-AB70-D9A82469EA90}.Release|Any CPU.Build.0 = Release|Any CPU
		{D25A1847-6EF5-425B-8772-9FFCD706DDF3}.Debug|Any CPU.ActiveCfg = Debug|Any CPU
		{D25A1847-6EF5-425B-8772-9FFCD706DDF3}.Debug|Any CPU.Build.0 = Debug|Any CPU
		{D25A1847-6EF5-425B-8772-9FFCD706DDF3}.Release|Any CPU.ActiveCfg = Release|Any CPU
		{D25A1847-6EF5-425B-8772-9FFCD706DDF3}.Release|Any CPU.Build.0 = Release|Any CPU
		{26F93D49-22AB-4F96-9CE2-93C79DD4DC8C}.Debug|Any CPU.ActiveCfg = Debug|Any CPU
		{26F93D49-22AB-4F96-9CE2-93C79DD4DC8C}.Debug|Any CPU.Build.0 = Debug|Any CPU
		{26F93D49-22AB-4F96-9CE2-93C79DD4DC8C}.Release|Any CPU.ActiveCfg = Release|Any CPU
		{26F93D49-22AB-4F96-9CE2-93C79DD4DC8C}.Release|Any CPU.Build.0 = Release|Any CPU
		{EB1821CA-821A-46F6-BD01-EEBA2861AAAE}.Debug|Any CPU.ActiveCfg = Debug|Any CPU
		{EB1821CA-821A-46F6-BD01-EEBA2861AAAE}.Debug|Any CPU.Build.0 = Debug|Any CPU
		{EB1821CA-821A-46F6-BD01-EEBA2861AAAE}.Release|Any CPU.ActiveCfg = Release|Any CPU
		{EB1821CA-821A-46F6-BD01-EEBA2861AAAE}.Release|Any CPU.Build.0 = Release|Any CPU
		{C04BEDAF-4567-4EEF-996E-DE46B8A8F89D}.Debug|Any CPU.ActiveCfg = Debug|Any CPU
		{C04BEDAF-4567-4EEF-996E-DE46B8A8F89D}.Debug|Any CPU.Build.0 = Debug|Any CPU
		{C04BEDAF-4567-4EEF-996E-DE46B8A8F89D}.Release|Any CPU.ActiveCfg = Release|Any CPU
		{C04BEDAF-4567-4EEF-996E-DE46B8A8F89D}.Release|Any CPU.Build.0 = Release|Any CPU
		{B1FB9133-2475-49B5-96D3-B716CD5685AF}.Debug|Any CPU.ActiveCfg = Debug|Any CPU
		{B1FB9133-2475-49B5-96D3-B716CD5685AF}.Debug|Any CPU.Build.0 = Debug|Any CPU
		{B1FB9133-2475-49B5-96D3-B716CD5685AF}.Release|Any CPU.ActiveCfg = Release|Any CPU
		{B1FB9133-2475-49B5-96D3-B716CD5685AF}.Release|Any CPU.Build.0 = Release|Any CPU
		{917B2B9B-F557-4B63-8515-5583905B71C7}.Debug|Any CPU.ActiveCfg = Debug|Any CPU
		{917B2B9B-F557-4B63-8515-5583905B71C7}.Debug|Any CPU.Build.0 = Debug|Any CPU
		{917B2B9B-F557-4B63-8515-5583905B71C7}.Release|Any CPU.ActiveCfg = Release|Any CPU
		{917B2B9B-F557-4B63-8515-5583905B71C7}.Release|Any CPU.Build.0 = Release|Any CPU
		{B716E75D-F466-46C5-A85F-255F9326FF8D}.Debug|Any CPU.ActiveCfg = Debug|Any CPU
		{B716E75D-F466-46C5-A85F-255F9326FF8D}.Debug|Any CPU.Build.0 = Debug|Any CPU
		{B716E75D-F466-46C5-A85F-255F9326FF8D}.Release|Any CPU.ActiveCfg = Release|Any CPU
		{B716E75D-F466-46C5-A85F-255F9326FF8D}.Release|Any CPU.Build.0 = Release|Any CPU
		{CE6E2A0E-82AD-4DC4-9DE6-9886ED96517C}.Debug|Any CPU.ActiveCfg = Debug|Any CPU
		{CE6E2A0E-82AD-4DC4-9DE6-9886ED96517C}.Debug|Any CPU.Build.0 = Debug|Any CPU
		{CE6E2A0E-82AD-4DC4-9DE6-9886ED96517C}.Release|Any CPU.ActiveCfg = Release|Any CPU
		{CE6E2A0E-82AD-4DC4-9DE6-9886ED96517C}.Release|Any CPU.Build.0 = Release|Any CPU
		{46E24928-D4D6-4773-99FB-0AEA7C295BCC}.Debug|Any CPU.ActiveCfg = Debug|Any CPU
		{46E24928-D4D6-4773-99FB-0AEA7C295BCC}.Debug|Any CPU.Build.0 = Debug|Any CPU
		{46E24928-D4D6-4773-99FB-0AEA7C295BCC}.Release|Any CPU.ActiveCfg = Release|Any CPU
		{46E24928-D4D6-4773-99FB-0AEA7C295BCC}.Release|Any CPU.Build.0 = Release|Any CPU
		{D991DD57-7CF4-4A4E-8659-86B83D53FE1F}.Debug|Any CPU.ActiveCfg = Debug|Any CPU
		{D991DD57-7CF4-4A4E-8659-86B83D53FE1F}.Debug|Any CPU.Build.0 = Debug|Any CPU
		{D991DD57-7CF4-4A4E-8659-86B83D53FE1F}.Release|Any CPU.ActiveCfg = Release|Any CPU
		{D991DD57-7CF4-4A4E-8659-86B83D53FE1F}.Release|Any CPU.Build.0 = Release|Any CPU
		{E2E41360-9EF6-4F2E-9E7C-939348A8D282}.Debug|Any CPU.ActiveCfg = Debug|Any CPU
		{E2E41360-9EF6-4F2E-9E7C-939348A8D282}.Debug|Any CPU.Build.0 = Debug|Any CPU
		{E2E41360-9EF6-4F2E-9E7C-939348A8D282}.Release|Any CPU.ActiveCfg = Release|Any CPU
		{E2E41360-9EF6-4F2E-9E7C-939348A8D282}.Release|Any CPU.Build.0 = Release|Any CPU
	EndGlobalSection
	GlobalSection(SolutionProperties) = preSolution
		HideSolutionNode = FALSE
	EndGlobalSection
	GlobalSection(NestedProjects) = preSolution
		{7A97E195-7E09-425F-AFBE-8F07A101FCC2} = {54764A61-D0B9-46F0-AF9C-5BA8368E75E0}
		{AF703866-CF06-4943-AB70-D9A82469EA90} = {E030F997-C1CF-40FB-80A9-8F5776D9CAA5}
		{D25A1847-6EF5-425B-8772-9FFCD706DDF3} = {D62DA206-E3E3-4D9F-A1FF-F673373E1D5D}
		{26F93D49-22AB-4F96-9CE2-93C79DD4DC8C} = {E030F997-C1CF-40FB-80A9-8F5776D9CAA5}
		{EB1821CA-821A-46F6-BD01-EEBA2861AAAE} = {E030F997-C1CF-40FB-80A9-8F5776D9CAA5}
		{C04BEDAF-4567-4EEF-996E-DE46B8A8F89D} = {E030F997-C1CF-40FB-80A9-8F5776D9CAA5}
		{B1FB9133-2475-49B5-96D3-B716CD5685AF} = {54764A61-D0B9-46F0-AF9C-5BA8368E75E0}
		{917B2B9B-F557-4B63-8515-5583905B71C7} = {54764A61-D0B9-46F0-AF9C-5BA8368E75E0}
		{B716E75D-F466-46C5-A85F-255F9326FF8D} = {54764A61-D0B9-46F0-AF9C-5BA8368E75E0}
		{CE6E2A0E-82AD-4DC4-9DE6-9886ED96517C} = {D62DA206-E3E3-4D9F-A1FF-F673373E1D5D}
		{46E24928-D4D6-4773-99FB-0AEA7C295BCC} = {D62DA206-E3E3-4D9F-A1FF-F673373E1D5D}
		{D991DD57-7CF4-4A4E-8659-86B83D53FE1F} = {D62DA206-E3E3-4D9F-A1FF-F673373E1D5D}
		{E2E41360-9EF6-4F2E-9E7C-939348A8D282} = {7E88A41A-3C10-4A4F-BF81-72689E5A428C}
	EndGlobalSection
	GlobalSection(ExtensibilityGlobals) = postSolution
		SolutionGuid = {C104126A-5968-4FC4-AA8F-F496D139EAA2}
	EndGlobalSection
EndGlobal
